
Microsoft Visual Studio Solution File, Format Version 12.00
# Visual Studio Version 17
VisualStudioVersion = 17.12.35707.178 d17.12
MinimumVisualStudioVersion = 10.0.40219.1
Project("{FAE04EC0-301F-11D3-BF4B-00C04F79EFBC}") = "BE-U1-W2-D1", "BE-U1-W2-D1\BE-U1-W2-D1.csproj", "{8C5A4736-0752-41C0-8844-88F7BDDC5C72}"
EndProject
Global
	GlobalSection(SolutionConfigurationPlatforms) = preSolution
		Debug|Any CPU = Debug|Any CPU
		Release|Any CPU = Release|Any CPU
	EndGlobalSection
	GlobalSection(ProjectConfigurationPlatforms) = postSolution
		{8C5A4736-0752-41C0-8844-88F7BDDC5C72}.Debug|Any CPU.ActiveCfg = Debug|Any CPU
		{8C5A4736-0752-41C0-8844-88F7BDDC5C72}.Debug|Any CPU.Build.0 = Debug|Any CPU
		{8C5A4736-0752-41C0-8844-88F7BDDC5C72}.Release|Any CPU.ActiveCfg = Release|Any CPU
		{8C5A4736-0752-41C0-8844-88F7BDDC5C72}.Release|Any CPU.Build.0 = Release|Any CPU
	EndGlobalSection
	GlobalSection(SolutionProperties) = preSolution
		HideSolutionNode = FALSE
	EndGlobalSection
EndGlobal
